{
  "version": 4,
  "terraform_version": "0.12.21",
  "serial": 13,
  "lineage": "f2235fb7-7789-ae60-bfc1-7a60127225ed",
  "outputs": {
    "Clients": {
      "value": [
        [
          "10.10.125.83",
          "10.10.125.80",
          "10.10.125.86"
        ]
      ],
      "type": [
        "tuple",
        [
          [
            "tuple",
            [
              "string",
              "string",
              "string"
            ]
          ]
        ]
      ]
    },
    "Servers": {
      "value": [
        [
          "10.10.125.79",
          "10.10.125.82",
          "10.10.125.84"
        ]
      ],
      "type": [
        "tuple",
        [
          [
            "tuple",
            [
              "string",
              "string",
              "string"
            ]
          ]
        ]
      ]
    }
  },
  "resources": [
    {
      "mode": "managed",
      "type": "null_resource",
      "name": "client-provisioner",
      "each": "list",
      "provider": "provider.null",
      "instances": [
        {
          "index_key": 0,
          "schema_version": 0,
          "attributes": {
            "id": "2206993173848779813",
            "triggers": {
              "mac_addresses": "080027D8A853,0800277BA40E,080027D68A8B"
            }
          },
          "private": "bnVsbA==",
          "dependencies": [
            "virtualbox_vm.client",
            "virtualbox_vm.server"
          ]
        },
        {
          "index_key": 1,
          "schema_version": 0,
          "attributes": {
            "id": "6519100505263044825",
            "triggers": {
              "mac_addresses": "080027D8A853,0800277BA40E,080027D68A8B"
            }
          },
          "private": "bnVsbA==",
          "dependencies": [
            "virtualbox_vm.client",
            "virtualbox_vm.server"
          ]
        },
        {
          "index_key": 2,
          "schema_version": 0,
          "attributes": {
            "id": "6358857405401573278",
            "triggers": {
              "mac_addresses": "080027D8A853,0800277BA40E,080027D68A8B"
            }
          },
          "private": "bnVsbA==",
          "dependencies": [
            "virtualbox_vm.client",
            "virtualbox_vm.server"
          ]
        }
      ]
    },
    {
      "mode": "managed",
      "type": "null_resource",
      "name": "server-provisioner",
      "each": "list",
      "provider": "provider.null",
      "instances": [
        {
          "index_key": 0,
          "schema_version": 0,
          "attributes": {
            "id": "3356110813607786296",
            "triggers": {
              "mac_addresses": "0800272848E4,080027AEABC4,08002756FBAD"
            }
          },
          "private": "bnVsbA==",
          "dependencies": [
            "virtualbox_vm.server"
          ]
        },
        {
          "index_key": 1,
          "schema_version": 0,
          "attributes": {
            "id": "8059010720412047507",
            "triggers": {
              "mac_addresses": "0800272848E4,080027AEABC4,08002756FBAD"
            }
          },
          "private": "bnVsbA==",
          "dependencies": [
            "virtualbox_vm.server"
          ]
        },
        {
          "index_key": 2,
          "schema_version": 0,
          "attributes": {
            "id": "447449617089168657",
            "triggers": {
              "mac_addresses": "0800272848E4,080027AEABC4,08002756FBAD"
            }
          },
          "private": "bnVsbA==",
          "dependencies": [
            "virtualbox_vm.server"
          ]
        }
      ]
    },
    {
      "mode": "managed",
      "type": "virtualbox_vm",
      "name": "client",
      "each": "list",
      "provider": "provider.virtualbox",
      "instances": [
        {
          "index_key": 0,
          "schema_version": 0,
          "attributes": {
            "boot_order": null,
            "checksum": null,
            "checksum_type": null,
            "cpus": 1,
            "id": "651d5b22-01c7-4e88-84bb-763df515a5d3",
            "image": "../packer/output-virtualbox-iso/ubuntu-16.04-docker.box",
            "memory": "1.9 gib",
            "name": "client-01",
            "network_adapter": [
              {
                "device": "IntelPro1000MTServer",
                "host_interface": "en0: Wi-Fi (AirPort)",
                "ipv4_address": "10.10.125.83",
                "ipv4_address_available": "yes",
                "mac_address": "080027D8A853",
                "status": "up",
                "type": "bridged"
              }
            ],
            "optical_disks": null,
            "status": "running",
            "url": null,
            "user_data": null
          },
          "private": "bnVsbA=="
        },
        {
          "index_key": 1,
          "schema_version": 0,
          "attributes": {
            "boot_order": null,
            "checksum": null,
            "checksum_type": null,
            "cpus": 1,
            "id": "b8f2d1ee-644a-4be8-be0c-68e4a4425a3f",
            "image": "../packer/output-virtualbox-iso/ubuntu-16.04-docker.box",
            "memory": "1.9 gib",
            "name": "client-02",
            "network_adapter": [
              {
                "device": "IntelPro1000MTServer",
                "host_interface": "en0: Wi-Fi (AirPort)",
                "ipv4_address": "10.10.125.80",
                "ipv4_address_available": "yes",
                "mac_address": "0800277BA40E",
                "status": "up",
                "type": "bridged"
              }
            ],
            "optical_disks": null,
            "status": "running",
            "url": null,
            "user_data": null
          },
          "private": "bnVsbA=="
        },
        {
          "index_key": 2,
          "schema_version": 0,
          "attributes": {
            "boot_order": null,
            "checksum": null,
            "checksum_type": null,
            "cpus": 1,
            "id": "bdfddbfc-f355-4d0b-9781-ba13604739e2",
            "image": "../packer/output-virtualbox-iso/ubuntu-16.04-docker.box",
            "memory": "1.9 gib",
            "name": "client-03",
            "network_adapter": [
              {
                "device": "IntelPro1000MTServer",
                "host_interface": "en0: Wi-Fi (AirPort)",
                "ipv4_address": "10.10.125.86",
                "ipv4_address_available": "yes",
                "mac_address": "080027D68A8B",
                "status": "up",
                "type": "bridged"
              }
            ],
            "optical_disks": null,
            "status": "running",
            "url": null,
            "user_data": null
          },
          "private": "bnVsbA=="
        }
      ]
    },
    {
      "mode": "managed",
      "type": "virtualbox_vm",
      "name": "server",
      "each": "list",
      "provider": "provider.virtualbox",
      "instances": [
        {
          "index_key": 0,
          "schema_version": 0,
          "attributes": {
            "boot_order": null,
            "checksum": null,
            "checksum_type": null,
            "cpus": 1,
            "id": "32f8d4eb-a4cc-43b8-8625-c37961d43dc6",
            "image": "../packer/output-virtualbox-iso/ubuntu-16.04-docker.box",
            "memory": "488 mib",
            "name": "server-01",
            "network_adapter": [
              {
                "device": "IntelPro1000MTServer",
                "host_interface": "en0: Wi-Fi (AirPort)",
                "ipv4_address": "10.10.125.79",
                "ipv4_address_available": "yes",
                "mac_address": "0800272848E4",
                "status": "up",
                "type": "bridged"
              }
            ],
            "optical_disks": null,
            "status": "running",
            "url": null,
            "user_data": null
          },
          "private": "bnVsbA=="
        },
        {
          "index_key": 1,
          "schema_version": 0,
          "attributes": {
            "boot_order": null,
            "checksum": null,
            "checksum_type": null,
            "cpus": 1,
            "id": "f89cf673-644c-4602-a6cb-42017bccefb8",
            "image": "../packer/output-virtualbox-iso/ubuntu-16.04-docker.box",
            "memory": "488 mib",
            "name": "server-02",
            "network_adapter": [
              {
                "device": "IntelPro1000MTServer",
                "host_interface": "en0: Wi-Fi (AirPort)",
                "ipv4_address": "10.10.125.82",
                "ipv4_address_available": "yes",
                "mac_address": "080027AEABC4",
                "status": "up",
                "type": "bridged"
              }
            ],
            "optical_disks": null,
            "status": "running",
            "url": null,
            "user_data": null
          },
          "private": "bnVsbA=="
        },
        {
          "index_key": 2,
          "schema_version": 0,
          "attributes": {
            "boot_order": null,
            "checksum": null,
            "checksum_type": null,
            "cpus": 1,
            "id": "46311cc7-2c63-497b-a6b4-12c744335ae2",
            "image": "../packer/output-virtualbox-iso/ubuntu-16.04-docker.box",
            "memory": "488 mib",
            "name": "server-03",
            "network_adapter": [
              {
                "device": "IntelPro1000MTServer",
                "host_interface": "en0: Wi-Fi (AirPort)",
                "ipv4_address": "10.10.125.84",
                "ipv4_address_available": "yes",
                "mac_address": "08002756FBAD",
                "status": "up",
                "type": "bridged"
              }
            ],
            "optical_disks": null,
            "status": "running",
            "url": null,
            "user_data": null
          },
          "private": "bnVsbA=="
        }
      ]
    }
  ]
}
